
Microsoft Visual Studio Solution File, Format Version 12.00
# Visual Studio 14
VisualStudioVersion = 14.0.25123.0
MinimumVisualStudioVersion = 10.0.40219.1
Project("{8BC9CEB8-8B4A-11D0-8D11-00A0C91BC942}") = "ChapterProblem5-1", "ChapterProblem5-1\ChapterProblem5-1.vcxproj", "{D70C3E1E-3F0E-4417-9E0A-D30F571F4E1C}"
EndProject
Project("{8BC9CEB8-8B4A-11D0-8D11-00A0C91BC942}") = "Problem5-1-b", "Problem5-1-b\Problem5-1-b.vcxproj", "{B22E03F5-74D5-4FB0-BA50-E9E6B854BA4C}"
EndProject
Project("{8BC9CEB8-8B4A-11D0-8D11-00A0C91BC942}") = "Problem5-2", "Problem5-2\Problem5-2.vcxproj", "{87FA5E03-8A0C-45EC-89AF-699CF322EDE2}"
EndProject
Project("{8BC9CEB8-8B4A-11D0-8D11-00A0C91BC942}") = "problem5-3", "problem5-3\problem5-3.vcxproj", "{EDD7C69E-C567-411E-B22D-194F54ECFAC0}"
EndProject
Project("{8BC9CEB8-8B4A-11D0-8D11-00A0C91BC942}") = "Problem5-4", "Problem5-4\Problem5-4.vcxproj", "{6A03997C-3054-405C-ACA6-F8DF738F92B1}"
EndProject
Project("{8BC9CEB8-8B4A-11D0-8D11-00A0C91BC942}") = "Problem5-5", "Problem5-5\Problem5-5.vcxproj", "{09825B73-30C3-4FE3-B4AD-78CC28595067}"
EndProject
Project("{8BC9CEB8-8B4A-11D0-8D11-00A0C91BC942}") = "Problem5-6", "Problem5-6\Problem5-6.vcxproj", "{E85B40FF-8F8A-404F-B5FA-0BE36F7C6C7F}"
EndProject
Project("{8BC9CEB8-8B4A-11D0-8D11-00A0C91BC942}") = "Problem5-7", "Problem5-7\Problem5-7.vcxproj", "{664DD143-6FF5-4FCB-98AA-8E053B07567C}"
EndProject
Project("{8BC9CEB8-8B4A-11D0-8D11-00A0C91BC942}") = "Problem5-8", "Problem5-8\Problem5-8.vcxproj", "{B4128EA3-8944-438A-9249-DF38D4BF985B}"
EndProject
Project("{8BC9CEB8-8B4A-11D0-8D11-00A0C91BC942}") = "Problem5-9", "Problem5-9\Problem5-9.vcxproj", "{94AC29E3-958D-471D-90C5-B127793C8053}"
EndProject
Project("{8BC9CEB8-8B4A-11D0-8D11-00A0C91BC942}") = "Problem5-10", "Problem5-10\Problem5-10.vcxproj", "{6E4EDD0F-D792-47C4-B456-9175A8501B76}"
EndProject
Project("{8BC9CEB8-8B4A-11D0-8D11-00A0C91BC942}") = "Problem5-11", "Problem5-11\Problem5-11.vcxproj", "{D3CEB833-77C0-42D4-A99F-1CA49CE0A557}"
EndProject
Project("{8BC9CEB8-8B4A-11D0-8D11-00A0C91BC942}") = "Problem5-12", "Problem5-12\Problem5-12.vcxproj", "{290B484C-0B36-4E20-9227-6E95B44FA4E3}"
EndProject
Global
	GlobalSection(SolutionConfigurationPlatforms) = preSolution
		Debug|x64 = Debug|x64
		Debug|x86 = Debug|x86
		Release|x64 = Release|x64
		Release|x86 = Release|x86
	EndGlobalSection
	GlobalSection(ProjectConfigurationPlatforms) = postSolution
		{D70C3E1E-3F0E-4417-9E0A-D30F571F4E1C}.Debug|x64.ActiveCfg = Debug|x64
		{D70C3E1E-3F0E-4417-9E0A-D30F571F4E1C}.Debug|x64.Build.0 = Debug|x64
		{D70C3E1E-3F0E-4417-9E0A-D30F571F4E1C}.Debug|x86.ActiveCfg = Debug|Win32
		{D70C3E1E-3F0E-4417-9E0A-D30F571F4E1C}.Debug|x86.Build.0 = Debug|Win32
		{D70C3E1E-3F0E-4417-9E0A-D30F571F4E1C}.Release|x64.ActiveCfg = Release|x64
		{D70C3E1E-3F0E-4417-9E0A-D30F571F4E1C}.Release|x64.Build.0 = Release|x64
		{D70C3E1E-3F0E-4417-9E0A-D30F571F4E1C}.Release|x86.ActiveCfg = Release|Win32
		{D70C3E1E-3F0E-4417-9E0A-D30F571F4E1C}.Release|x86.Build.0 = Release|Win32
		{B22E03F5-74D5-4FB0-BA50-E9E6B854BA4C}.Debug|x64.ActiveCfg = Debug|x64
		{B22E03F5-74D5-4FB0-BA50-E9E6B854BA4C}.Debug|x64.Build.0 = Debug|x64
		{B22E03F5-74D5-4FB0-BA50-E9E6B854BA4C}.Debug|x86.ActiveCfg = Debug|Win32
		{B22E03F5-74D5-4FB0-BA50-E9E6B854BA4C}.Debug|x86.Build.0 = Debug|Win32
		{B22E03F5-74D5-4FB0-BA50-E9E6B854BA4C}.Release|x64.ActiveCfg = Release|x64
		{B22E03F5-74D5-4FB0-BA50-E9E6B854BA4C}.Release|x64.Build.0 = Release|x64
		{B22E03F5-74D5-4FB0-BA50-E9E6B854BA4C}.Release|x86.ActiveCfg = Release|Win32
		{B22E03F5-74D5-4FB0-BA50-E9E6B854BA4C}.Release|x86.Build.0 = Release|Win32
		{87FA5E03-8A0C-45EC-89AF-699CF322EDE2}.Debug|x64.ActiveCfg = Debug|x64
		{87FA5E03-8A0C-45EC-89AF-699CF322EDE2}.Debug|x64.Build.0 = Debug|x64
		{87FA5E03-8A0C-45EC-89AF-699CF322EDE2}.Debug|x86.ActiveCfg = Debug|Win32
		{87FA5E03-8A0C-45EC-89AF-699CF322EDE2}.Debug|x86.Build.0 = Debug|Win32
		{87FA5E03-8A0C-45EC-89AF-699CF322EDE2}.Release|x64.ActiveCfg = Release|x64
		{87FA5E03-8A0C-45EC-89AF-699CF322EDE2}.Release|x64.Build.0 = Release|x64
		{87FA5E03-8A0C-45EC-89AF-699CF322EDE2}.Release|x86.ActiveCfg = Release|Win32
		{87FA5E03-8A0C-45EC-89AF-699CF322EDE2}.Release|x86.Build.0 = Release|Win32
		{EDD7C69E-C567-411E-B22D-194F54ECFAC0}.Debug|x64.ActiveCfg = Debug|x64
		{EDD7C69E-C567-411E-B22D-194F54ECFAC0}.Debug|x64.Build.0 = Debug|x64
		{EDD7C69E-C567-411E-B22D-194F54ECFAC0}.Debug|x86.ActiveCfg = Debug|Win32
		{EDD7C69E-C567-411E-B22D-194F54ECFAC0}.Debug|x86.Build.0 = Debug|Win32
		{EDD7C69E-C567-411E-B22D-194F54ECFAC0}.Release|x64.ActiveCfg = Release|x64
		{EDD7C69E-C567-411E-B22D-194F54ECFAC0}.Release|x64.Build.0 = Release|x64
		{EDD7C69E-C567-411E-B22D-194F54ECFAC0}.Release|x86.ActiveCfg = Release|Win32
		{EDD7C69E-C567-411E-B22D-194F54ECFAC0}.Release|x86.Build.0 = Release|Win32
		{6A03997C-3054-405C-ACA6-F8DF738F92B1}.Debug|x64.ActiveCfg = Debug|x64
		{6A03997C-3054-405C-ACA6-F8DF738F92B1}.Debug|x64.Build.0 = Debug|x64
		{6A03997C-3054-405C-ACA6-F8DF738F92B1}.Debug|x86.ActiveCfg = Debug|Win32
		{6A03997C-3054-405C-ACA6-F8DF738F92B1}.Debug|x86.Build.0 = Debug|Win32
		{6A03997C-3054-405C-ACA6-F8DF738F92B1}.Release|x64.ActiveCfg = Release|x64
		{6A03997C-3054-405C-ACA6-F8DF738F92B1}.Release|x64.Build.0 = Release|x64
		{6A03997C-3054-405C-ACA6-F8DF738F92B1}.Release|x86.ActiveCfg = Release|Win32
		{6A03997C-3054-405C-ACA6-F8DF738F92B1}.Release|x86.Build.0 = Release|Win32
		{09825B73-30C3-4FE3-B4AD-78CC28595067}.Debug|x64.ActiveCfg = Debug|x64
		{09825B73-30C3-4FE3-B4AD-78CC28595067}.Debug|x64.Build.0 = Debug|x64
		{09825B73-30C3-4FE3-B4AD-78CC28595067}.Debug|x86.ActiveCfg = Debug|Win32
		{09825B73-30C3-4FE3-B4AD-78CC28595067}.Debug|x86.Build.0 = Debug|Win32
		{09825B73-30C3-4FE3-B4AD-78CC28595067}.Release|x64.ActiveCfg = Release|x64
		{09825B73-30C3-4FE3-B4AD-78CC28595067}.Release|x64.Build.0 = Release|x64
		{09825B73-30C3-4FE3-B4AD-78CC28595067}.Release|x86.ActiveCfg = Release|Win32
		{09825B73-30C3-4FE3-B4AD-78CC28595067}.Release|x86.Build.0 = Release|Win32
		{E85B40FF-8F8A-404F-B5FA-0BE36F7C6C7F}.Debug|x64.ActiveCfg = Debug|x64
		{E85B40FF-8F8A-404F-B5FA-0BE36F7C6C7F}.Debug|x64.Build.0 = Debug|x64
		{E85B40FF-8F8A-404F-B5FA-0BE36F7C6C7F}.Debug|x86.ActiveCfg = Debug|Win32
		{E85B40FF-8F8A-404F-B5FA-0BE36F7C6C7F}.Debug|x86.Build.0 = Debug|Win32
		{E85B40FF-8F8A-404F-B5FA-0BE36F7C6C7F}.Release|x64.ActiveCfg = Release|x64
		{E85B40FF-8F8A-404F-B5FA-0BE36F7C6C7F}.Release|x64.Build.0 = Release|x64
		{E85B40FF-8F8A-404F-B5FA-0BE36F7C6C7F}.Release|x86.ActiveCfg = Release|Win32
		{E85B40FF-8F8A-404F-B5FA-0BE36F7C6C7F}.Release|x86.Build.0 = Release|Win32
		{664DD143-6FF5-4FCB-98AA-8E053B07567C}.Debug|x64.ActiveCfg = Debug|x64
		{664DD143-6FF5-4FCB-98AA-8E053B07567C}.Debug|x64.Build.0 = Debug|x64
		{664DD143-6FF5-4FCB-98AA-8E053B07567C}.Debug|x86.ActiveCfg = Debug|Win32
		{664DD143-6FF5-4FCB-98AA-8E053B07567C}.Debug|x86.Build.0 = Debug|Win32
		{664DD143-6FF5-4FCB-98AA-8E053B07567C}.Release|x64.ActiveCfg = Release|x64
		{664DD143-6FF5-4FCB-98AA-8E053B07567C}.Release|x64.Build.0 = Release|x64
		{664DD143-6FF5-4FCB-98AA-8E053B07567C}.Release|x86.ActiveCfg = Release|Win32
		{664DD143-6FF5-4FCB-98AA-8E053B07567C}.Release|x86.Build.0 = Release|Win32
		{B4128EA3-8944-438A-9249-DF38D4BF985B}.Debug|x64.ActiveCfg = Debug|x64
		{B4128EA3-8944-438A-9249-DF38D4BF985B}.Debug|x64.Build.0 = Debug|x64
		{B4128EA3-8944-438A-9249-DF38D4BF985B}.Debug|x86.ActiveCfg = Debug|Win32
		{B4128EA3-8944-438A-9249-DF38D4BF985B}.Debug|x86.Build.0 = Debug|Win32
		{B4128EA3-8944-438A-9249-DF38D4BF985B}.Release|x64.ActiveCfg = Release|x64
		{B4128EA3-8944-438A-9249-DF38D4BF985B}.Release|x64.Build.0 = Release|x64
		{B4128EA3-8944-438A-9249-DF38D4BF985B}.Release|x86.ActiveCfg = Release|Win32
		{B4128EA3-8944-438A-9249-DF38D4BF985B}.Release|x86.Build.0 = Release|Win32
		{94AC29E3-958D-471D-90C5-B127793C8053}.Debug|x64.ActiveCfg = Debug|x64
		{94AC29E3-958D-471D-90C5-B127793C8053}.Debug|x64.Build.0 = Debug|x64
		{94AC29E3-958D-471D-90C5-B127793C8053}.Debug|x86.ActiveCfg = Debug|Win32
		{94AC29E3-958D-471D-90C5-B127793C8053}.Debug|x86.Build.0 = Debug|Win32
		{94AC29E3-958D-471D-90C5-B127793C8053}.Release|x64.ActiveCfg = Release|x64
		{94AC29E3-958D-471D-90C5-B127793C8053}.Release|x64.Build.0 = Release|x64
		{94AC29E3-958D-471D-90C5-B127793C8053}.Release|x86.ActiveCfg = Release|Win32
		{94AC29E3-958D-471D-90C5-B127793C8053}.Release|x86.Build.0 = Release|Win32
		{6E4EDD0F-D792-47C4-B456-9175A8501B76}.Debug|x64.ActiveCfg = Debug|x64
		{6E4EDD0F-D792-47C4-B456-9175A8501B76}.Debug|x64.Build.0 = Debug|x64
		{6E4EDD0F-D792-47C4-B456-9175A8501B76}.Debug|x86.ActiveCfg = Debug|Win32
		{6E4EDD0F-D792-47C4-B456-9175A8501B76}.Debug|x86.Build.0 = Debug|Win32
		{6E4EDD0F-D792-47C4-B456-9175A8501B76}.Release|x64.ActiveCfg = Release|x64
		{6E4EDD0F-D792-47C4-B456-9175A8501B76}.Release|x64.Build.0 = Release|x64
		{6E4EDD0F-D792-47C4-B456-9175A8501B76}.Release|x86.ActiveCfg = Release|Win32
		{6E4EDD0F-D792-47C4-B456-9175A8501B76}.Release|x86.Build.0 = Release|Win32
		{D3CEB833-77C0-42D4-A99F-1CA49CE0A557}.Debug|x64.ActiveCfg = Debug|x64
		{D3CEB833-77C0-42D4-A99F-1CA49CE0A557}.Debug|x64.Build.0 = Debug|x64
		{D3CEB833-77C0-42D4-A99F-1CA49CE0A557}.Debug|x86.ActiveCfg = Debug|Win32
		{D3CEB833-77C0-42D4-A99F-1CA49CE0A557}.Debug|x86.Build.0 = Debug|Win32
		{D3CEB833-77C0-42D4-A99F-1CA49CE0A557}.Release|x64.ActiveCfg = Release|x64
		{D3CEB833-77C0-42D4-A99F-1CA49CE0A557}.Release|x64.Build.0 = Release|x64
		{D3CEB833-77C0-42D4-A99F-1CA49CE0A557}.Release|x86.ActiveCfg = Release|Win32
		{D3CEB833-77C0-42D4-A99F-1CA49CE0A557}.Release|x86.Build.0 = Release|Win32
		{290B484C-0B36-4E20-9227-6E95B44FA4E3}.Debug|x64.ActiveCfg = Debug|x64
		{290B484C-0B36-4E20-9227-6E95B44FA4E3}.Debug|x64.Build.0 = Debug|x64
		{290B484C-0B36-4E20-9227-6E95B44FA4E3}.Debug|x86.ActiveCfg = Debug|Win32
		{290B484C-0B36-4E20-9227-6E95B44FA4E3}.Debug|x86.Build.0 = Debug|Win32
		{290B484C-0B36-4E20-9227-6E95B44FA4E3}.Release|x64.ActiveCfg = Release|x64
		{290B484C-0B36-4E20-9227-6E95B44FA4E3}.Release|x64.Build.0 = Release|x64
		{290B484C-0B36-4E20-9227-6E95B44FA4E3}.Release|x86.ActiveCfg = Release|Win32
		{290B484C-0B36-4E20-9227-6E95B44FA4E3}.Release|x86.Build.0 = Release|Win32
	EndGlobalSection
	GlobalSection(SolutionProperties) = preSolution
		HideSolutionNode = FALSE
	EndGlobalSection
EndGlobal
