
Microsoft Visual Studio Solution File, Format Version 12.00
# Visual Studio 14
VisualStudioVersion = 14.0.25123.0
MinimumVisualStudioVersion = 10.0.40219.1
Project("{8BC9CEB8-8B4A-11D0-8D11-00A0C91BC942}") = "Problem6-1", "Problem6-1\Problem6-1.vcxproj", "{3C37C7F6-2AF8-4229-A5E1-A9D367EA18C1}"
EndProject
Project("{8BC9CEB8-8B4A-11D0-8D11-00A0C91BC942}") = "Problem6-2", "Problem6-2\Problem6-2.vcxproj", "{6C4D0F14-C6A3-4AB2-8F2C-CCE9FA829A0A}"
EndProject
Project("{8BC9CEB8-8B4A-11D0-8D11-00A0C91BC942}") = "Problem6-4", "Problem6-4\Problem6-4.vcxproj", "{68FCC7D6-C021-42D3-ADD6-2007FF529B1B}"
EndProject
Project("{8BC9CEB8-8B4A-11D0-8D11-00A0C91BC942}") = "Problem6-3", "Problem6-3\Problem6-3.vcxproj", "{4D84A14F-F1E7-4189-9D7C-CD7294CBD54A}"
EndProject
Project("{8BC9CEB8-8B4A-11D0-8D11-00A0C91BC942}") = "Problem6-5", "Problem6-5\Problem6-5.vcxproj", "{E2A2D294-784C-4192-B713-5EEED733286F}"
EndProject
Project("{8BC9CEB8-8B4A-11D0-8D11-00A0C91BC942}") = "Problem6-6", "Problem6-6\Problem6-6.vcxproj", "{C8158B83-914F-4948-803A-BEB2475B832D}"
EndProject
Project("{8BC9CEB8-8B4A-11D0-8D11-00A0C91BC942}") = "Problem6-7", "Problem6-7\Problem6-7.vcxproj", "{7156CE93-7136-4682-B0B8-4E2D0C6441C6}"
EndProject
Project("{8BC9CEB8-8B4A-11D0-8D11-00A0C91BC942}") = "Problem6-8", "Problem6-8\Problem6-8.vcxproj", "{CD120D2A-F06C-4F9B-9502-6F447E951C39}"
EndProject
Project("{8BC9CEB8-8B4A-11D0-8D11-00A0C91BC942}") = "Problem6-10", "Problem6-10\Problem6-10.vcxproj", "{BDC0A85D-33B3-46CA-A345-D220BE2F9112}"
EndProject
Global
	GlobalSection(SolutionConfigurationPlatforms) = preSolution
		Debug|x64 = Debug|x64
		Debug|x86 = Debug|x86
		Release|x64 = Release|x64
		Release|x86 = Release|x86
	EndGlobalSection
	GlobalSection(ProjectConfigurationPlatforms) = postSolution
		{3C37C7F6-2AF8-4229-A5E1-A9D367EA18C1}.Debug|x64.ActiveCfg = Debug|x64
		{3C37C7F6-2AF8-4229-A5E1-A9D367EA18C1}.Debug|x64.Build.0 = Debug|x64
		{3C37C7F6-2AF8-4229-A5E1-A9D367EA18C1}.Debug|x86.ActiveCfg = Debug|Win32
		{3C37C7F6-2AF8-4229-A5E1-A9D367EA18C1}.Debug|x86.Build.0 = Debug|Win32
		{3C37C7F6-2AF8-4229-A5E1-A9D367EA18C1}.Release|x64.ActiveCfg = Release|x64
		{3C37C7F6-2AF8-4229-A5E1-A9D367EA18C1}.Release|x64.Build.0 = Release|x64
		{3C37C7F6-2AF8-4229-A5E1-A9D367EA18C1}.Release|x86.ActiveCfg = Release|Win32
		{3C37C7F6-2AF8-4229-A5E1-A9D367EA18C1}.Release|x86.Build.0 = Release|Win32
		{6C4D0F14-C6A3-4AB2-8F2C-CCE9FA829A0A}.Debug|x64.ActiveCfg = Debug|x64
		{6C4D0F14-C6A3-4AB2-8F2C-CCE9FA829A0A}.Debug|x64.Build.0 = Debug|x64
		{6C4D0F14-C6A3-4AB2-8F2C-CCE9FA829A0A}.Debug|x86.ActiveCfg = Debug|Win32
		{6C4D0F14-C6A3-4AB2-8F2C-CCE9FA829A0A}.Debug|x86.Build.0 = Debug|Win32
		{6C4D0F14-C6A3-4AB2-8F2C-CCE9FA829A0A}.Release|x64.ActiveCfg = Release|x64
		{6C4D0F14-C6A3-4AB2-8F2C-CCE9FA829A0A}.Release|x64.Build.0 = Release|x64
		{6C4D0F14-C6A3-4AB2-8F2C-CCE9FA829A0A}.Release|x86.ActiveCfg = Release|Win32
		{6C4D0F14-C6A3-4AB2-8F2C-CCE9FA829A0A}.Release|x86.Build.0 = Release|Win32
		{68FCC7D6-C021-42D3-ADD6-2007FF529B1B}.Debug|x64.ActiveCfg = Debug|x64
		{68FCC7D6-C021-42D3-ADD6-2007FF529B1B}.Debug|x64.Build.0 = Debug|x64
		{68FCC7D6-C021-42D3-ADD6-2007FF529B1B}.Debug|x86.ActiveCfg = Debug|Win32
		{68FCC7D6-C021-42D3-ADD6-2007FF529B1B}.Debug|x86.Build.0 = Debug|Win32
		{68FCC7D6-C021-42D3-ADD6-2007FF529B1B}.Release|x64.ActiveCfg = Release|x64
		{68FCC7D6-C021-42D3-ADD6-2007FF529B1B}.Release|x64.Build.0 = Release|x64
		{68FCC7D6-C021-42D3-ADD6-2007FF529B1B}.Release|x86.ActiveCfg = Release|Win32
		{68FCC7D6-C021-42D3-ADD6-2007FF529B1B}.Release|x86.Build.0 = Release|Win32
		{4D84A14F-F1E7-4189-9D7C-CD7294CBD54A}.Debug|x64.ActiveCfg = Debug|x64
		{4D84A14F-F1E7-4189-9D7C-CD7294CBD54A}.Debug|x64.Build.0 = Debug|x64
		{4D84A14F-F1E7-4189-9D7C-CD7294CBD54A}.Debug|x86.ActiveCfg = Debug|Win32
		{4D84A14F-F1E7-4189-9D7C-CD7294CBD54A}.Debug|x86.Build.0 = Debug|Win32
		{4D84A14F-F1E7-4189-9D7C-CD7294CBD54A}.Release|x64.ActiveCfg = Release|x64
		{4D84A14F-F1E7-4189-9D7C-CD7294CBD54A}.Release|x64.Build.0 = Release|x64
		{4D84A14F-F1E7-4189-9D7C-CD7294CBD54A}.Release|x86.ActiveCfg = Release|Win32
		{4D84A14F-F1E7-4189-9D7C-CD7294CBD54A}.Release|x86.Build.0 = Release|Win32
		{E2A2D294-784C-4192-B713-5EEED733286F}.Debug|x64.ActiveCfg = Debug|x64
		{E2A2D294-784C-4192-B713-5EEED733286F}.Debug|x64.Build.0 = Debug|x64
		{E2A2D294-784C-4192-B713-5EEED733286F}.Debug|x86.ActiveCfg = Debug|Win32
		{E2A2D294-784C-4192-B713-5EEED733286F}.Debug|x86.Build.0 = Debug|Win32
		{E2A2D294-784C-4192-B713-5EEED733286F}.Release|x64.ActiveCfg = Release|x64
		{E2A2D294-784C-4192-B713-5EEED733286F}.Release|x64.Build.0 = Release|x64
		{E2A2D294-784C-4192-B713-5EEED733286F}.Release|x86.ActiveCfg = Release|Win32
		{E2A2D294-784C-4192-B713-5EEED733286F}.Release|x86.Build.0 = Release|Win32
		{C8158B83-914F-4948-803A-BEB2475B832D}.Debug|x64.ActiveCfg = Debug|x64
		{C8158B83-914F-4948-803A-BEB2475B832D}.Debug|x64.Build.0 = Debug|x64
		{C8158B83-914F-4948-803A-BEB2475B832D}.Debug|x86.ActiveCfg = Debug|Win32
		{C8158B83-914F-4948-803A-BEB2475B832D}.Debug|x86.Build.0 = Debug|Win32
		{C8158B83-914F-4948-803A-BEB2475B832D}.Release|x64.ActiveCfg = Release|x64
		{C8158B83-914F-4948-803A-BEB2475B832D}.Release|x64.Build.0 = Release|x64
		{C8158B83-914F-4948-803A-BEB2475B832D}.Release|x86.ActiveCfg = Release|Win32
		{C8158B83-914F-4948-803A-BEB2475B832D}.Release|x86.Build.0 = Release|Win32
		{7156CE93-7136-4682-B0B8-4E2D0C6441C6}.Debug|x64.ActiveCfg = Debug|x64
		{7156CE93-7136-4682-B0B8-4E2D0C6441C6}.Debug|x64.Build.0 = Debug|x64
		{7156CE93-7136-4682-B0B8-4E2D0C6441C6}.Debug|x86.ActiveCfg = Debug|Win32
		{7156CE93-7136-4682-B0B8-4E2D0C6441C6}.Debug|x86.Build.0 = Debug|Win32
		{7156CE93-7136-4682-B0B8-4E2D0C6441C6}.Release|x64.ActiveCfg = Release|x64
		{7156CE93-7136-4682-B0B8-4E2D0C6441C6}.Release|x64.Build.0 = Release|x64
		{7156CE93-7136-4682-B0B8-4E2D0C6441C6}.Release|x86.ActiveCfg = Release|Win32
		{7156CE93-7136-4682-B0B8-4E2D0C6441C6}.Release|x86.Build.0 = Release|Win32
		{CD120D2A-F06C-4F9B-9502-6F447E951C39}.Debug|x64.ActiveCfg = Debug|x64
		{CD120D2A-F06C-4F9B-9502-6F447E951C39}.Debug|x64.Build.0 = Debug|x64
		{CD120D2A-F06C-4F9B-9502-6F447E951C39}.Debug|x86.ActiveCfg = Debug|Win32
		{CD120D2A-F06C-4F9B-9502-6F447E951C39}.Debug|x86.Build.0 = Debug|Win32
		{CD120D2A-F06C-4F9B-9502-6F447E951C39}.Release|x64.ActiveCfg = Release|x64
		{CD120D2A-F06C-4F9B-9502-6F447E951C39}.Release|x64.Build.0 = Release|x64
		{CD120D2A-F06C-4F9B-9502-6F447E951C39}.Release|x86.ActiveCfg = Release|Win32
		{CD120D2A-F06C-4F9B-9502-6F447E951C39}.Release|x86.Build.0 = Release|Win32
		{BDC0A85D-33B3-46CA-A345-D220BE2F9112}.Debug|x64.ActiveCfg = Debug|x64
		{BDC0A85D-33B3-46CA-A345-D220BE2F9112}.Debug|x64.Build.0 = Debug|x64
		{BDC0A85D-33B3-46CA-A345-D220BE2F9112}.Debug|x86.ActiveCfg = Debug|Win32
		{BDC0A85D-33B3-46CA-A345-D220BE2F9112}.Debug|x86.Build.0 = Debug|Win32
		{BDC0A85D-33B3-46CA-A345-D220BE2F9112}.Release|x64.ActiveCfg = Release|x64
		{BDC0A85D-33B3-46CA-A345-D220BE2F9112}.Release|x64.Build.0 = Release|x64
		{BDC0A85D-33B3-46CA-A345-D220BE2F9112}.Release|x86.ActiveCfg = Release|Win32
		{BDC0A85D-33B3-46CA-A345-D220BE2F9112}.Release|x86.Build.0 = Release|Win32
	EndGlobalSection
	GlobalSection(SolutionProperties) = preSolution
		HideSolutionNode = FALSE
	EndGlobalSection
EndGlobal
